
Microsoft Visual Studio Solution File, Format Version 12.00
# Visual Studio Version 16
VisualStudioVersion = 25.0.1705.2
MinimumVisualStudioVersion = 10.0.40219.1
Project("{FAE04EC0-301F-11D3-BF4B-00C04F79EFBC}") = "Corporation.Core", "Corporation.Core\Corporation.Core.csproj", "{008FA55E-AE62-4AF5-B9A4-A00F9B2EA75A}"
EndProject
Project("{FAE04EC0-301F-11D3-BF4B-00C04F79EFBC}") = "Corporation.Infrastructure", "Corporation.Infrastructure\Corporation.Infrastructure.csproj", "{7EC10070-A4F6-4D1C-B722-03F89CA25878}"
EndProject
Project("{FAE04EC0-301F-11D3-BF4B-00C04F79EFBC}") = "Corporation.ConsoleApp", "Corporation.ConsoleApp\Corporation.ConsoleApp.csproj", "{BF2DEA78-6B93-4AB5-85F4-3CA412E57CCB}"
EndProject
Global
	GlobalSection(SolutionConfigurationPlatforms) = preSolution
		Debug|Any CPU = Debug|Any CPU
		Release|Any CPU = Release|Any CPU
	EndGlobalSection
	GlobalSection(ProjectConfigurationPlatforms) = postSolution
		{008FA55E-AE62-4AF5-B9A4-A00F9B2EA75A}.Debug|Any CPU.ActiveCfg = Debug|Any CPU
		{008FA55E-AE62-4AF5-B9A4-A00F9B2EA75A}.Debug|Any CPU.Build.0 = Debug|Any CPU
		{008FA55E-AE62-4AF5-B9A4-A00F9B2EA75A}.Release|Any CPU.ActiveCfg = Release|Any CPU
		{008FA55E-AE62-4AF5-B9A4-A00F9B2EA75A}.Release|Any CPU.Build.0 = Release|Any CPU
		{7EC10070-A4F6-4D1C-B722-03F89CA25878}.Debug|Any CPU.ActiveCfg = Debug|Any CPU
		{7EC10070-A4F6-4D1C-B722-03F89CA25878}.Debug|Any CPU.Build.0 = Debug|Any CPU
		{7EC10070-A4F6-4D1C-B722-03F89CA25878}.Release|Any CPU.ActiveCfg = Release|Any CPU
		{7EC10070-A4F6-4D1C-B722-03F89CA25878}.Release|Any CPU.Build.0 = Release|Any CPU
		{BF2DEA78-6B93-4AB5-85F4-3CA412E57CCB}.Debug|Any CPU.ActiveCfg = Debug|Any CPU
		{BF2DEA78-6B93-4AB5-85F4-3CA412E57CCB}.Debug|Any CPU.Build.0 = Debug|Any CPU
		{BF2DEA78-6B93-4AB5-85F4-3CA412E57CCB}.Release|Any CPU.ActiveCfg = Release|Any CPU
		{BF2DEA78-6B93-4AB5-85F4-3CA412E57CCB}.Release|Any CPU.Build.0 = Release|Any CPU
	EndGlobalSection
	GlobalSection(SolutionProperties) = preSolution
		HideSolutionNode = FALSE
	EndGlobalSection
	GlobalSection(ExtensibilityGlobals) = postSolution
		SolutionGuid = {94A41B04-4915-4C5F-936A-E2F8CCC2E03A}
	EndGlobalSection
EndGlobal
